# This file is automatically @generated by Cargo.
# It is not intended for manual editing.
version = 3

[[package]]
name = "app"
version = "0.1.0"
dependencies = [
 "time",
]

[[package]]
name = "libc"
version = "0.2.102"
source = "registry+https://github.com/rust-lang/crates.io-index"
checksum = "a2a5ac8f984bfcf3a823267e5fde638acc3325f6496633a5da6bb6eb2171e103"

[[package]]
name = "time"
version = "0.3.2"
source = "registry+https://github.com/rust-lang/crates.io-index"
checksum = "3e0a10c9a9fb3a5dce8c2239ed670f1a2569fcf42da035f5face1b19860d52b0"
dependencies = [
 "libc",
]
